
Microsoft Visual Studio Solution File, Format Version 12.00
# Visual Studio 15
VisualStudioVersion = 15.0.28010.2050
MinimumVisualStudioVersion = 10.0.40219.1
Project("{FAE04EC0-301F-11D3-BF4B-00C04F79EFBC}") = "MagicBox", "MagicBox.csproj", "{6B590F68-0FAD-4A32-B5B2-913826F45C00}"
EndProject
Project("{FAE04EC0-301F-11D3-BF4B-00C04F79EFBC}") = "HERO Serial Example", "HERO Serial Example\HERO Serial Example.csproj", "{3FF53CB7-F4CF-4CCA-9282-88B1C5DF2F19}"
EndProject
Project("{FAE04EC0-301F-11D3-BF4B-00C04F79EFBC}") = "Hero Arcade Drive Example", "Hero Arcade Drive Example\Hero Arcade Drive Example.csproj", "{9BC91A60-175F-4CD4-A054-B7740507734C}"
EndProject
Project("{FAE04EC0-301F-11D3-BF4B-00C04F79EFBC}") = "Hero Analog Input Example", "Hero Analog Input Example\Hero Analog Input Example.csproj", "{888F3D07-D95E-4751-BEFF-AD80307497C3}"
EndProject
Global
	GlobalSection(SolutionConfigurationPlatforms) = preSolution
		Debug|Any CPU = Debug|Any CPU
		Release|Any CPU = Release|Any CPU
	EndGlobalSection
	GlobalSection(ProjectConfigurationPlatforms) = postSolution
		{6B590F68-0FAD-4A32-B5B2-913826F45C00}.Debug|Any CPU.ActiveCfg = Debug|Any CPU
		{6B590F68-0FAD-4A32-B5B2-913826F45C00}.Debug|Any CPU.Build.0 = Debug|Any CPU
		{6B590F68-0FAD-4A32-B5B2-913826F45C00}.Debug|Any CPU.Deploy.0 = Debug|Any CPU
		{6B590F68-0FAD-4A32-B5B2-913826F45C00}.Release|Any CPU.ActiveCfg = Release|Any CPU
		{6B590F68-0FAD-4A32-B5B2-913826F45C00}.Release|Any CPU.Build.0 = Release|Any CPU
		{6B590F68-0FAD-4A32-B5B2-913826F45C00}.Release|Any CPU.Deploy.0 = Release|Any CPU
		{3FF53CB7-F4CF-4CCA-9282-88B1C5DF2F19}.Debug|Any CPU.ActiveCfg = Debug|Any CPU
		{3FF53CB7-F4CF-4CCA-9282-88B1C5DF2F19}.Debug|Any CPU.Build.0 = Debug|Any CPU
		{3FF53CB7-F4CF-4CCA-9282-88B1C5DF2F19}.Debug|Any CPU.Deploy.0 = Debug|Any CPU
		{3FF53CB7-F4CF-4CCA-9282-88B1C5DF2F19}.Release|Any CPU.ActiveCfg = Release|Any CPU
		{3FF53CB7-F4CF-4CCA-9282-88B1C5DF2F19}.Release|Any CPU.Build.0 = Release|Any CPU
		{3FF53CB7-F4CF-4CCA-9282-88B1C5DF2F19}.Release|Any CPU.Deploy.0 = Release|Any CPU
		{9BC91A60-175F-4CD4-A054-B7740507734C}.Debug|Any CPU.ActiveCfg = Debug|Any CPU
		{9BC91A60-175F-4CD4-A054-B7740507734C}.Debug|Any CPU.Build.0 = Debug|Any CPU
		{9BC91A60-175F-4CD4-A054-B7740507734C}.Debug|Any CPU.Deploy.0 = Debug|Any CPU
		{9BC91A60-175F-4CD4-A054-B7740507734C}.Release|Any CPU.ActiveCfg = Release|Any CPU
		{9BC91A60-175F-4CD4-A054-B7740507734C}.Release|Any CPU.Build.0 = Release|Any CPU
		{9BC91A60-175F-4CD4-A054-B7740507734C}.Release|Any CPU.Deploy.0 = Release|Any CPU
		{888F3D07-D95E-4751-BEFF-AD80307497C3}.Debug|Any CPU.ActiveCfg = Debug|Any CPU
		{888F3D07-D95E-4751-BEFF-AD80307497C3}.Debug|Any CPU.Build.0 = Debug|Any CPU
		{888F3D07-D95E-4751-BEFF-AD80307497C3}.Debug|Any CPU.Deploy.0 = Debug|Any CPU
		{888F3D07-D95E-4751-BEFF-AD80307497C3}.Release|Any CPU.ActiveCfg = Release|Any CPU
		{888F3D07-D95E-4751-BEFF-AD80307497C3}.Release|Any CPU.Build.0 = Release|Any CPU
		{888F3D07-D95E-4751-BEFF-AD80307497C3}.Release|Any CPU.Deploy.0 = Release|Any CPU
	EndGlobalSection
	GlobalSection(SolutionProperties) = preSolution
		HideSolutionNode = FALSE
	EndGlobalSection
	GlobalSection(ExtensibilityGlobals) = postSolution
		SolutionGuid = {3A4C0891-42A8-4954-B343-82BF8D9446C3}
	EndGlobalSection
EndGlobal
